
Microsoft Visual Studio Solution File, Format Version 11.00
# Visual Studio 2010
Project("{FAE04EC0-301F-11D3-BF4B-00C04F79EFBC}") = "Kinetic", "3D Game\3D Game\Kinetic.csproj", "{533DE5C5-7C7B-4ECD-946A-5AED31A76E5F}"
EndProject
Project("{FAE04EC0-301F-11D3-BF4B-00C04F79EFBC}") = "KineticContent", "3D Game\3D GameContent\KineticContent.contentproj", "{A9E70DAD-EBA3-45FA-A14E-5EC942066CA4}"
EndProject
Global
	GlobalSection(SolutionConfigurationPlatforms) = preSolution
		Debug|x86 = Debug|x86
		Release|x86 = Release|x86
	EndGlobalSection
	GlobalSection(ProjectConfigurationPlatforms) = postSolution
		{533DE5C5-7C7B-4ECD-946A-5AED31A76E5F}.Debug|x86.ActiveCfg = Debug|x86
		{533DE5C5-7C7B-4ECD-946A-5AED31A76E5F}.Debug|x86.Build.0 = Debug|x86
		{533DE5C5-7C7B-4ECD-946A-5AED31A76E5F}.Release|x86.ActiveCfg = Release|x86
		{533DE5C5-7C7B-4ECD-946A-5AED31A76E5F}.Release|x86.Build.0 = Release|x86
		{A9E70DAD-EBA3-45FA-A14E-5EC942066CA4}.Debug|x86.ActiveCfg = Debug|x86
		{A9E70DAD-EBA3-45FA-A14E-5EC942066CA4}.Release|x86.ActiveCfg = Release|x86
	EndGlobalSection
	GlobalSection(SolutionProperties) = preSolution
		HideSolutionNode = FALSE
	EndGlobalSection
EndGlobal
